// !$*UTF8*$!
{
	archiveVersion = 1;
	classes = {
	};
	objectVersion = 56;
	objects = {

/* Begin PBXBuildFile section */
		821E8FA2294CF570001F02E8 /* AppDelegate.swift in Sources */ = {isa = PBXBuildFile; fileRef = 821E8FA1294CF570001F02E8 /* AppDelegate.swift */; };
		821E8FA4294CF570001F02E8 /* SceneDelegate.swift in Sources */ = {isa = PBXBuildFile; fileRef = 821E8FA3294CF570001F02E8 /* SceneDelegate.swift */; };
		821E8FA6294CF570001F02E8 /* ViewController.swift in Sources */ = {isa = PBXBuildFile; fileRef = 821E8FA5294CF570001F02E8 /* ViewController.swift */; };
		821E8FA9294CF570001F02E8 /* Main.storyboard in Resources */ = {isa = PBXBuildFile; fileRef = 821E8FA7294CF570001F02E8 /* Main.storyboard */; };
		821E8FAB294CF571001F02E8 /* Assets.xcassets in Resources */ = {isa = PBXBuildFile; fileRef = 821E8FAA294CF571001F02E8 /* Assets.xcassets */; };
		821E8FAE294CF571001F02E8 /* LaunchScreen.storyboard in Resources */ = {isa = PBXBuildFile; fileRef = 821E8FAC294CF571001F02E8 /* LaunchScreen.storyboard */; };
		821E8FB9294CF571001F02E8 /* LoginModuleTests.swift in Sources */ = {isa = PBXBuildFile; fileRef = 821E8FB8294CF571001F02E8 /* LoginModuleTests.swift */; };
		821E8FC3294CF571001F02E8 /* LoginModuleUITests.swift in Sources */ = {isa = PBXBuildFile; fileRef = 821E8FC2294CF571001F02E8 /* LoginModuleUITests.swift */; };
		821E8FC5294CF571001F02E8 /* LoginModuleUITestsLaunchTests.swift in Sources */ = {isa = PBXBuildFile; fileRef = 821E8FC4294CF571001F02E8 /* LoginModuleUITestsLaunchTests.swift */; };
		821E8FD2294CF6A5001F02E8 /* ViewModel.swift in Sources */ = {isa = PBXBuildFile; fileRef = 821E8FD1294CF6A5001F02E8 /* ViewModel.swift */; };
		821E8FD4294F3A72001F02E8 /* UITextField+Combine.swift in Sources */ = {isa = PBXBuildFile; fileRef = 821E8FD3294F3A72001F02E8 /* UITextField+Combine.swift */; };
		8291DDF82952210B0083BDAC /* UIView+Keyboard.swift in Sources */ = {isa = PBXBuildFile; fileRef = 8291DDF72952210B0083BDAC /* UIView+Keyboard.swift */; };
/* End PBXBuildFile section */

/* Begin PBXContainerItemProxy section */
		821E8FB5294CF571001F02E8 /* PBXContainerItemProxy */ = {
			isa = PBXContainerItemProxy;
			containerPortal = 821E8F96294CF570001F02E8 /* Project object */;
			proxyType = 1;
			remoteGlobalIDString = 821E8F9D294CF570001F02E8;
			remoteInfo = LoginModule;
		};
		821E8FBF294CF571001F02E8 /* PBXContainerItemProxy */ = {
			isa = PBXContainerItemProxy;
			containerPortal = 821E8F96294CF570001F02E8 /* Project object */;
			proxyType = 1;
			remoteGlobalIDString = 821E8F9D294CF570001F02E8;
			remoteInfo = LoginModule;
		};
/* End PBXContainerItemProxy section */

/* Begin PBXFileReference section */
		821E8F9E294CF570001F02E8 /* LoginModule.app */ = {isa = PBXFileReference; explicitFileType = wrapper.application; includeInIndex = 0; path = LoginModule.app; sourceTree = BUILT_PRODUCTS_DIR; };
		821E8FA1294CF570001F02E8 /* AppDelegate.swift */ = {isa = PBXFileReference; lastKnownFileType = sourcecode.swift; path = AppDelegate.swift; sourceTree = "<group>"; };
		821E8FA3294CF570001F02E8 /* SceneDelegate.swift */ = {isa = PBXFileReference; lastKnownFileType = sourcecode.swift; path = SceneDelegate.swift; sourceTree = "<group>"; };
		821E8FA5294CF570001F02E8 /* ViewController.swift */ = {isa = PBXFileReference; lastKnownFileType = sourcecode.swift; path = ViewController.swift; sourceTree = "<group>"; };
		821E8FA8294CF570001F02E8 /* Base */ = {isa = PBXFileReference; lastKnownFileType = file.storyboard; name = Base; path = Base.lproj/Main.storyboard; sourceTree = "<group>"; };
		821E8FAA294CF571001F02E8 /* Assets.xcassets */ = {isa = PBXFileReference; lastKnownFileType = folder.assetcatalog; path = Assets.xcassets; sourceTree = "<group>"; };
		821E8FAD294CF571001F02E8 /* Base */ = {isa = PBXFileReference; lastKnownFileType = file.storyboard; name = Base; path = Base.lproj/LaunchScreen.storyboard; sourceTree = "<group>"; };
		821E8FAF294CF571001F02E8 /* Info.plist */ = {isa = PBXFileReference; lastKnownFileType = text.plist.xml; path = Info.plist; sourceTree = "<group>"; };
		821E8FB4294CF571001F02E8 /* LoginModuleTests.xctest */ = {isa = PBXFileReference; explicitFileType = wrapper.cfbundle; includeInIndex = 0; path = LoginModuleTests.xctest; sourceTree = BUILT_PRODUCTS_DIR; };
		821E8FB8294CF571001F02E8 /* LoginModuleTests.swift */ = {isa = PBXFileReference; lastKnownFileType = sourcecode.swift; path = LoginModuleTests.swift; sourceTree = "<group>"; };
		821E8FBE294CF571001F02E8 /* LoginModuleUITests.xctest */ = {isa = PBXFileReference; explicitFileType = wrapper.cfbundle; includeInIndex = 0; path = LoginModuleUITests.xctest; sourceTree = BUILT_PRODUCTS_DIR; };
		821E8FC2294CF571001F02E8 /* LoginModuleUITests.swift */ = {isa = PBXFileReference; lastKnownFileType = sourcecode.swift; path = LoginModuleUITests.swift; sourceTree = "<group>"; };
		821E8FC4294CF571001F02E8 /* LoginModuleUITestsLaunchTests.swift */ = {isa = PBXFileReference; lastKnownFileType = sourcecode.swift; path = LoginModuleUITestsLaunchTests.swift; sourceTree = "<group>"; };
		821E8FD1294CF6A5001F02E8 /* ViewModel.swift */ = {isa = PBXFileReference; lastKnownFileType = sourcecode.swift; path = ViewModel.swift; sourceTree = "<group>"; };
		821E8FD3294F3A72001F02E8 /* UITextField+Combine.swift */ = {isa = PBXFileReference; lastKnownFileType = sourcecode.swift; path = "UITextField+Combine.swift"; sourceTree = "<group>"; };
		8291DDF72952210B0083BDAC /* UIView+Keyboard.swift */ = {isa = PBXFileReference; fileEncoding = 4; lastKnownFileType = sourcecode.swift; path = "UIView+Keyboard.swift"; sourceTree = "<group>"; };
/* End PBXFileReference section */

/* Begin PBXFrameworksBuildPhase section */
		821E8F9B294CF570001F02E8 /* Frameworks */ = {
			isa = PBXFrameworksBuildPhase;
			buildActionMask = 2147483647;
			files = (
			);
			runOnlyForDeploymentPostprocessing = 0;
		};
		821E8FB1294CF571001F02E8 /* Frameworks */ = {
			isa = PBXFrameworksBuildPhase;
			buildActionMask = 2147483647;
			files = (
			);
			runOnlyForDeploymentPostprocessing = 0;
		};
		821E8FBB294CF571001F02E8 /* Frameworks */ = {
			isa = PBXFrameworksBuildPhase;
			buildActionMask = 2147483647;
			files = (
			);
			runOnlyForDeploymentPostprocessing = 0;
		};
/* End PBXFrameworksBuildPhase section */

/* Begin PBXGroup section */
		821E8F95294CF570001F02E8 = {
			isa = PBXGroup;
			children = (
				821E8FA0294CF570001F02E8 /* LoginModule */,
				821E8FB7294CF571001F02E8 /* LoginModuleTests */,
				821E8FC1294CF571001F02E8 /* LoginModuleUITests */,
				821E8F9F294CF570001F02E8 /* Products */,
			);
			sourceTree = "<group>";
		};
		821E8F9F294CF570001F02E8 /* Products */ = {
			isa = PBXGroup;
			children = (
				821E8F9E294CF570001F02E8 /* LoginModule.app */,
				821E8FB4294CF571001F02E8 /* LoginModuleTests.xctest */,
				821E8FBE294CF571001F02E8 /* LoginModuleUITests.xctest */,
			);
			name = Products;
			sourceTree = "<group>";
		};
		821E8FA0294CF570001F02E8 /* LoginModule */ = {
			isa = PBXGroup;
			children = (
				821E8FA1294CF570001F02E8 /* AppDelegate.swift */,
				821E8FA3294CF570001F02E8 /* SceneDelegate.swift */,
				821E8FA5294CF570001F02E8 /* ViewController.swift */,
				821E8FD1294CF6A5001F02E8 /* ViewModel.swift */,
				821E8FD3294F3A72001F02E8 /* UITextField+Combine.swift */,
				8291DDF72952210B0083BDAC /* UIView+Keyboard.swift */,
				821E8FA7294CF570001F02E8 /* Main.storyboard */,
				821E8FAA294CF571001F02E8 /* Assets.xcassets */,
				821E8FAC294CF571001F02E8 /* LaunchScreen.storyboard */,
				821E8FAF294CF571001F02E8 /* Info.plist */,
			);
			path = LoginModule;
			sourceTree = "<group>";
		};
		821E8FB7294CF571001F02E8 /* LoginModuleTests */ = {
			isa = PBXGroup;
			children = (
				821E8FB8294CF571001F02E8 /* LoginModuleTests.swift */,
			);
			path = LoginModuleTests;
			sourceTree = "<group>";
		};
		821E8FC1294CF571001F02E8 /* LoginModuleUITests */ = {
			isa = PBXGroup;
			children = (
				821E8FC2294CF571001F02E8 /* LoginModuleUITests.swift */,
				821E8FC4294CF571001F02E8 /* LoginModuleUITestsLaunchTests.swift */,
			);
			path = LoginModuleUITests;
			sourceTree = "<group>";
		};
/* End PBXGroup section */

/* Begin PBXNativeTarget section */
		821E8F9D294CF570001F02E8 /* LoginModule */ = {
			isa = PBXNativeTarget;
			buildConfigurationList = 821E8FC8294CF571001F02E8 /* Build configuration list for PBXNativeTarget "LoginModule" */;
			buildPhases = (
				821E8F9A294CF570001F02E8 /* Sources */,
				821E8F9B294CF570001F02E8 /* Frameworks */,
				821E8F9C294CF570001F02E8 /* Resources */,
			);
			buildRules = (
			);
			dependencies = (
			);
			name = LoginModule;
			productName = LoginModule;
			productReference = 821E8F9E294CF570001F02E8 /* LoginModule.app */;
			productType = "com.apple.product-type.application";
		};
		821E8FB3294CF571001F02E8 /* LoginModuleTests */ = {
			isa = PBXNativeTarget;
			buildConfigurationList = 821E8FCB294CF571001F02E8 /* Build configuration list for PBXNativeTarget "LoginModuleTests" */;
			buildPhases = (
				821E8FB0294CF571001F02E8 /* Sources */,
				821E8FB1294CF571001F02E8 /* Frameworks */,
				821E8FB2294CF571001F02E8 /* Resources */,
			);
			buildRules = (
			);
			dependencies = (
				821E8FB6294CF571001F02E8 /* PBXTargetDependency */,
			);
			name = LoginModuleTests;
			productName = LoginModuleTests;
			productReference = 821E8FB4294CF571001F02E8 /* LoginModuleTests.xctest */;
			productType = "com.apple.product-type.bundle.unit-test";
		};
		821E8FBD294CF571001F02E8 /* LoginModuleUITests */ = {
			isa = PBXNativeTarget;
			buildConfigurationList = 821E8FCE294CF571001F02E8 /* Build configuration list for PBXNativeTarget "LoginModuleUITests" */;
			buildPhases = (
				821E8FBA294CF571001F02E8 /* Sources */,
				821E8FBB294CF571001F02E8 /* Frameworks */,
				821E8FBC294CF571001F02E8 /* Resources */,
			);
			buildRules = (
			);
			dependencies = (
				821E8FC0294CF571001F02E8 /* PBXTargetDependency */,
			);
			name = LoginModuleUITests;
			productName = LoginModuleUITests;
			productReference = 821E8FBE294CF571001F02E8 /* LoginModuleUITests.xctest */;
			productType = "com.apple.product-type.bundle.ui-testing";
		};
/* End PBXNativeTarget section */

/* Begin PBXProject section */
		821E8F96294CF570001F02E8 /* Project object */ = {
			isa = PBXProject;
			attributes = {
				BuildIndependentTargetsInParallel = 1;
				LastSwiftUpdateCheck = 1420;
				LastUpgradeCheck = 1420;
				TargetAttributes = {
					821E8F9D294CF570001F02E8 = {
						CreatedOnToolsVersion = 14.2;
					};
					821E8FB3294CF571001F02E8 = {
						CreatedOnToolsVersion = 14.2;
						TestTargetID = 821E8F9D294CF570001F02E8;
					};
					821E8FBD294CF571001F02E8 = {
						CreatedOnToolsVersion = 14.2;
						TestTargetID = 821E8F9D294CF570001F02E8;
					};
				};
			};
			buildConfigurationList = 821E8F99294CF570001F02E8 /* Build configuration list for PBXProject "LoginModule" */;
			compatibilityVersion = "Xcode 14.0";
			developmentRegion = en;
			hasScannedForEncodings = 0;
			knownRegions = (
				en,
				Base,
			);
			mainGroup = 821E8F95294CF570001F02E8;
			productRefGroup = 821E8F9F294CF570001F02E8 /* Products */;
			projectDirPath = "";
			projectRoot = "";
			targets = (
				821E8F9D294CF570001F02E8 /* LoginModule */,
				821E8FB3294CF571001F02E8 /* LoginModuleTests */,
				821E8FBD294CF571001F02E8 /* LoginModuleUITests */,
			);
		};
/* End PBXProject section */

/* Begin PBXResourcesBuildPhase section */
		821E8F9C294CF570001F02E8 /* Resources */ = {
			isa = PBXResourcesBuildPhase;
			buildActionMask = 2147483647;
			files = (
				821E8FAE294CF571001F02E8 /* LaunchScreen.storyboard in Resources */,
				821E8FAB294CF571001F02E8 /* Assets.xcassets in Resources */,
				821E8FA9294CF570001F02E8 /* Main.storyboard in Resources */,
			);
			runOnlyForDeploymentPostprocessing = 0;
		};
		821E8FB2294CF571001F02E8 /* Resources */ = {
			isa = PBXResourcesBuildPhase;
			buildActionMask = 2147483647;
			files = (
			);
			runOnlyForDeploymentPostprocessing = 0;
		};
		821E8FBC294CF571001F02E8 /* Resources */ = {
			isa = PBXResourcesBuildPhase;
			buildActionMask = 2147483647;
			files = (
			);
			runOnlyForDeploymentPostprocessing = 0;
		};
/* End PBXResourcesBuildPhase section */

/* Begin PBXSourcesBuildPhase section */
		821E8F9A294CF570001F02E8 /* Sources */ = {
			isa = PBXSourcesBuildPhase;
			buildActionMask = 2147483647;
			files = (
				821E8FA6294CF570001F02E8 /* ViewController.swift in Sources */,
				821E8FA2294CF570001F02E8 /* AppDelegate.swift in Sources */,
				821E8FD2294CF6A5001F02E8 /* ViewModel.swift in Sources */,
				821E8FD4294F3A72001F02E8 /* UITextField+Combine.swift in Sources */,
				821E8FA4294CF570001F02E8 /* SceneDelegate.swift in Sources */,
				8291DDF82952210B0083BDAC /* UIView+Keyboard.swift in Sources */,
			);
			runOnlyForDeploymentPostprocessing = 0;
		};
		821E8FB0294CF571001F02E8 /* Sources */ = {
			isa = PBXSourcesBuildPhase;
			buildActionMask = 2147483647;
			files = (
				821E8FB9294CF571001F02E8 /* LoginModuleTests.swift in Sources */,
			);
			runOnlyForDeploymentPostprocessing = 0;
		};
		821E8FBA294CF571001F02E8 /* Sources */ = {
			isa = PBXSourcesBuildPhase;
			buildActionMask = 2147483647;
			files = (
				821E8FC5294CF571001F02E8 /* LoginModuleUITestsLaunchTests.swift in Sources */,
				821E8FC3294CF571001F02E8 /* LoginModuleUITests.swift in Sources */,
			);
			runOnlyForDeploymentPostprocessing = 0;
		};
/* End PBXSourcesBuildPhase section */

/* Begin PBXTargetDependency section */
		821E8FB6294CF571001F02E8 /* PBXTargetDependency */ = {
			isa = PBXTargetDependency;
			target = 821E8F9D294CF570001F02E8 /* LoginModule */;
			targetProxy = 821E8FB5294CF571001F02E8 /* PBXContainerItemProxy */;
		};
		821E8FC0294CF571001F02E8 /* PBXTargetDependency */ = {
			isa = PBXTargetDependency;
			target = 821E8F9D294CF570001F02E8 /* LoginModule */;
			targetProxy = 821E8FBF294CF571001F02E8 /* PBXContainerItemProxy */;
		};
/* End PBXTargetDependency section */

/* Begin PBXVariantGroup section */
		821E8FA7294CF570001F02E8 /* Main.storyboard */ = {
			isa = PBXVariantGroup;
			children = (
				821E8FA8294CF570001F02E8 /* Base */,
			);
			name = Main.storyboard;
			sourceTree = "<group>";
		};
		821E8FAC294CF571001F02E8 /* LaunchScreen.storyboard */ = {
			isa = PBXVariantGroup;
			children = (
				821E8FAD294CF571001F02E8 /* Base */,
			);
			name = LaunchScreen.storyboard;
			sourceTree = "<group>";
		};
/* End PBXVariantGroup section */

/* Begin XCBuildConfiguration section */
		821E8FC6294CF571001F02E8 /* Debug */ = {
			isa = XCBuildConfiguration;
			buildSettings = {
				ALWAYS_SEARCH_USER_PATHS = NO;
				CLANG_ANALYZER_NONNULL = YES;
				CLANG_ANALYZER_NUMBER_OBJECT_CONVERSION = YES_AGGRESSIVE;
				CLANG_CXX_LANGUAGE_STANDARD = "gnu++20";
				CLANG_ENABLE_MODULES = YES;
				CLANG_ENABLE_OBJC_ARC = YES;
				CLANG_ENABLE_OBJC_WEAK = YES;
				CLANG_WARN_BLOCK_CAPTURE_AUTORELEASING = YES;
				CLANG_WARN_BOOL_CONVERSION = YES;
				CLANG_WARN_COMMA = YES;
				CLANG_WARN_CONSTANT_CONVERSION = YES;
				CLANG_WARN_DEPRECATED_OBJC_IMPLEMENTATIONS = YES;
				CLANG_WARN_DIRECT_OBJC_ISA_USAGE = YES_ERROR;
				CLANG_WARN_DOCUMENTATION_COMMENTS = YES;
				CLANG_WARN_EMPTY_BODY = YES;
				CLANG_WARN_ENUM_CONVERSION = YES;
				CLANG_WARN_INFINITE_RECURSION = YES;
				CLANG_WARN_INT_CONVERSION = YES;
				CLANG_WARN_NON_LITERAL_NULL_CONVERSION = YES;
				CLANG_WARN_OBJC_IMPLICIT_RETAIN_SELF = YES;
				CLANG_WARN_OBJC_LITERAL_CONVERSION = YES;
				CLANG_WARN_OBJC_ROOT_CLASS = YES_ERROR;
				CLANG_WARN_QUOTED_INCLUDE_IN_FRAMEWORK_HEADER = YES;
				CLANG_WARN_RANGE_LOOP_ANALYSIS = YES;
				CLANG_WARN_STRICT_PROTOTYPES = YES;
				CLANG_WARN_SUSPICIOUS_MOVE = YES;
				CLANG_WARN_UNGUARDED_AVAILABILITY = YES_AGGRESSIVE;
				CLANG_WARN_UNREACHABLE_CODE = YES;
				CLANG_WARN__DUPLICATE_METHOD_MATCH = YES;
				COPY_PHASE_STRIP = NO;
				DEBUG_INFORMATION_FORMAT = dwarf;
				ENABLE_STRICT_OBJC_MSGSEND = YES;
				ENABLE_TESTABILITY = YES;
				GCC_C_LANGUAGE_STANDARD = gnu11;
				GCC_DYNAMIC_NO_PIC = NO;
				GCC_NO_COMMON_BLOCKS = YES;
				GCC_OPTIMIZATION_LEVEL = 0;
				GCC_PREPROCESSOR_DEFINITIONS = (
					"DEBUG=1",
					"$(inherited)",
				);
				GCC_WARN_64_TO_32_BIT_CONVERSION = YES;
				GCC_WARN_ABOUT_RETURN_TYPE = YES_ERROR;
				GCC_WARN_UNDECLARED_SELECTOR = YES;
				GCC_WARN_UNINITIALIZED_AUTOS = YES_AGGRESSIVE;
				GCC_WARN_UNUSED_FUNCTION = YES;
				GCC_WARN_UNUSED_VARIABLE = YES;
				IPHONEOS_DEPLOYMENT_TARGET = 16.2;
				MTL_ENABLE_DEBUG_INFO = INCLUDE_SOURCE;
				MTL_FAST_MATH = YES;
				ONLY_ACTIVE_ARCH = YES;
				SDKROOT = iphoneos;
				SWIFT_ACTIVE_COMPILATION_CONDITIONS = DEBUG;
				SWIFT_OPTIMIZATION_LEVEL = "-Onone";
			};
			name = Debug;
		};
		821E8FC7294CF571001F02E8 /* Release */ = {
			isa = XCBuildConfiguration;
			buildSettings = {
				ALWAYS_SEARCH_USER_PATHS = NO;
				CLANG_ANALYZER_NONNULL = YES;
				CLANG_ANALYZER_NUMBER_OBJECT_CONVERSION = YES_AGGRESSIVE;
				CLANG_CXX_LANGUAGE_STANDARD = "gnu++20";
				CLANG_ENABLE_MODULES = YES;
				CLANG_ENABLE_OBJC_ARC = YES;
				CLANG_ENABLE_OBJC_WEAK = YES;
				CLANG_WARN_BLOCK_CAPTURE_AUTORELEASING = YES;
				CLANG_WARN_BOOL_CONVERSION = YES;
				CLANG_WARN_COMMA = YES;
				CLANG_WARN_CONSTANT_CONVERSION = YES;
				CLANG_WARN_DEPRECATED_OBJC_IMPLEMENTATIONS = YES;
				CLANG_WARN_DIRECT_OBJC_ISA_USAGE = YES_ERROR;
				CLANG_WARN_DOCUMENTATION_COMMENTS = YES;
				CLANG_WARN_EMPTY_BODY = YES;
				CLANG_WARN_ENUM_CONVERSION = YES;
				CLANG_WARN_INFINITE_RECURSION = YES;
				CLANG_WARN_INT_CONVERSION = YES;
				CLANG_WARN_NON_LITERAL_NULL_CONVERSION = YES;
				CLANG_WARN_OBJC_IMPLICIT_RETAIN_SELF = YES;
				CLANG_WARN_OBJC_LITERAL_CONVERSION = YES;
				CLANG_WARN_OBJC_ROOT_CLASS = YES_ERROR;
				CLANG_WARN_QUOTED_INCLUDE_IN_FRAMEWORK_HEADER = YES;
				CLANG_WARN_RANGE_LOOP_ANALYSIS = YES;
				CLANG_WARN_STRICT_PROTOTYPES = YES;
				CLANG_WARN_SUSPICIOUS_MOVE = YES;
				CLANG_WARN_UNGUARDED_AVAILABILITY = YES_AGGRESSIVE;
				CLANG_WARN_UNREACHABLE_CODE = YES;
				CLANG_WARN__DUPLICATE_METHOD_MATCH = YES;
				COPY_PHASE_STRIP = NO;
				DEBUG_INFORMATION_FORMAT = "dwarf-with-dsym";
				ENABLE_NS_ASSERTIONS = NO;
				ENABLE_STRICT_OBJC_MSGSEND = YES;
				GCC_C_LANGUAGE_STANDARD = gnu11;
				GCC_NO_COMMON_BLOCKS = YES;
				GCC_WARN_64_TO_32_BIT_CONVERSION = YES;
				GCC_WARN_ABOUT_RETURN_TYPE = YES_ERROR;
				GCC_WARN_UNDECLARED_SELECTOR = YES;
				GCC_WARN_UNINITIALIZED_AUTOS = YES_AGGRESSIVE;
				GCC_WARN_UNUSED_FUNCTION = YES;
				GCC_WARN_UNUSED_VARIABLE = YES;
				IPHONEOS_DEPLOYMENT_TARGET = 16.2;
				MTL_ENABLE_DEBUG_INFO = NO;
				MTL_FAST_MATH = YES;
				SDKROOT = iphoneos;
				SWIFT_COMPILATION_MODE = wholemodule;
				SWIFT_OPTIMIZATION_LEVEL = "-O";
				VALIDATE_PRODUCT = YES;
			};
			name = Release;
		};
		821E8FC9294CF571001F02E8 /* Debug */ = {
			isa = XCBuildConfiguration;
			buildSettings = {
				ASSETCATALOG_COMPILER_APPICON_NAME = AppIcon;
				ASSETCATALOG_COMPILER_GLOBAL_ACCENT_COLOR_NAME = AccentColor;
				CODE_SIGN_STYLE = Automatic;
				CURRENT_PROJECT_VERSION = 1;
				DEVELOPMENT_TEAM = 75SEZC5TGW;
				GENERATE_INFOPLIST_FILE = YES;
				INFOPLIST_FILE = LoginModule/Info.plist;
				INFOPLIST_KEY_UIApplicationSupportsIndirectInputEvents = YES;
				INFOPLIST_KEY_UILaunchStoryboardName = LaunchScreen;
				INFOPLIST_KEY_UIMainStoryboardFile = Main;
				INFOPLIST_KEY_UISupportedInterfaceOrientations_iPad = "UIInterfaceOrientationPortrait UIInterfaceOrientationPortraitUpsideDown UIInterfaceOrientationLandscapeLeft UIInterfaceOrientationLandscapeRight";
				INFOPLIST_KEY_UISupportedInterfaceOrientations_iPhone = "UIInterfaceOrientationPortrait UIInterfaceOrientationLandscapeLeft UIInterfaceOrientationLandscapeRight";
				LD_RUNPATH_SEARCH_PATHS = (
					"$(inherited)",
					"@executable_path/Frameworks",
				);
				MARKETING_VERSION = 1.0;
				PRODUCT_BUNDLE_IDENTIFIER = armentechnology.LoginModule;
				PRODUCT_NAME = "$(TARGET_NAME)";
				SWIFT_EMIT_LOC_STRINGS = YES;
				SWIFT_VERSION = 5.0;
				TARGETED_DEVICE_FAMILY = "1,2";
			};
			name = Debug;
		};
		821E8FCA294CF571001F02E8 /* Release */ = {
			isa = XCBuildConfiguration;
			buildSettings = {
				ASSETCATALOG_COMPILER_APPICON_NAME = AppIcon;
				ASSETCATALOG_COMPILER_GLOBAL_ACCENT_COLOR_NAME = AccentColor;
				CODE_SIGN_STYLE = Automatic;
				CURRENT_PROJECT_VERSION = 1;
				DEVELOPMENT_TEAM = 75SEZC5TGW;
				GENERATE_INFOPLIST_FILE = YES;
				INFOPLIST_FILE = LoginModule/Info.plist;
				INFOPLIST_KEY_UIApplicationSupportsIndirectInputEvents = YES;
				INFOPLIST_KEY_UILaunchStoryboardName = LaunchScreen;
				INFOPLIST_KEY_UIMainStoryboardFile = Main;
				INFOPLIST_KEY_UISupportedInterfaceOrientations_iPad = "UIInterfaceOrientationPortrait UIInterfaceOrientationPortraitUpsideDown UIInterfaceOrientationLandscapeLeft UIInterfaceOrientationLandscapeRight";
				INFOPLIST_KEY_UISupportedInterfaceOrientations_iPhone = "UIInterfaceOrientationPortrait UIInterfaceOrientationLandscapeLeft UIInterfaceOrientationLandscapeRight";
				LD_RUNPATH_SEARCH_PATHS = (
					"$(inherited)",
					"@executable_path/Frameworks",
				);
				MARKETING_VERSION = 1.0;
				PRODUCT_BUNDLE_IDENTIFIER = armentechnology.LoginModule;
				PRODUCT_NAME = "$(TARGET_NAME)";
				SWIFT_EMIT_LOC_STRINGS = YES;
				SWIFT_VERSION = 5.0;
				TARGETED_DEVICE_FAMILY = "1,2";
			};
			name = Release;
		};
		821E8FCC294CF571001F02E8 /* Debug */ = {
			isa = XCBuildConfiguration;
			buildSettings = {
				ALWAYS_EMBED_SWIFT_STANDARD_LIBRARIES = YES;
				BUNDLE_LOADER = "$(TEST_HOST)";
				CODE_SIGN_STYLE = Automatic;
				CURRENT_PROJECT_VERSION = 1;
				DEVELOPMENT_TEAM = 75SEZC5TGW;
				GENERATE_INFOPLIST_FILE = YES;
				IPHONEOS_DEPLOYMENT_TARGET = 16.2;
				MARKETING_VERSION = 1.0;
				PRODUCT_BUNDLE_IDENTIFIER = armentechnology.LoginModuleTests;
				PRODUCT_NAME = "$(TARGET_NAME)";
				SWIFT_EMIT_LOC_STRINGS = NO;
				SWIFT_VERSION = 5.0;
				TARGETED_DEVICE_FAMILY = "1,2";
				TEST_HOST = "$(BUILT_PRODUCTS_DIR)/LoginModule.app/$(BUNDLE_EXECUTABLE_FOLDER_PATH)/LoginModule";
			};
			name = Debug;
		};
		821E8FCD294CF571001F02E8 /* Release */ = {
			isa = XCBuildConfiguration;
			buildSettings = {
				ALWAYS_EMBED_SWIFT_STANDARD_LIBRARIES = YES;
				BUNDLE_LOADER = "$(TEST_HOST)";
				CODE_SIGN_STYLE = Automatic;
				CURRENT_PROJECT_VERSION = 1;
				DEVELOPMENT_TEAM = 75SEZC5TGW;
				GENERATE_INFOPLIST_FILE = YES;
				IPHONEOS_DEPLOYMENT_TARGET = 16.2;
				MARKETING_VERSION = 1.0;
				PRODUCT_BUNDLE_IDENTIFIER = armentechnology.LoginModuleTests;
				PRODUCT_NAME = "$(TARGET_NAME)";
				SWIFT_EMIT_LOC_STRINGS = NO;
				SWIFT_VERSION = 5.0;
				TARGETED_DEVICE_FAMILY = "1,2";
				TEST_HOST = "$(BUILT_PRODUCTS_DIR)/LoginModule.app/$(BUNDLE_EXECUTABLE_FOLDER_PATH)/LoginModule";
			};
			name = Release;
		};
		821E8FCF294CF571001F02E8 /* Debug */ = {
			isa = XCBuildConfiguration;
			buildSettings = {
				ALWAYS_EMBED_SWIFT_STANDARD_LIBRARIES = YES;
				CODE_SIGN_STYLE = Automatic;
				CURRENT_PROJECT_VERSION = 1;
				DEVELOPMENT_TEAM = 75SEZC5TGW;
				GENERATE_INFOPLIST_FILE = YES;
				MARKETING_VERSION = 1.0;
				PRODUCT_BUNDLE_IDENTIFIER = armentechnology.LoginModuleUITests;
				PRODUCT_NAME = "$(TARGET_NAME)";
				SWIFT_EMIT_LOC_STRINGS = NO;
				SWIFT_VERSION = 5.0;
				TARGETED_DEVICE_FAMILY = "1,2";
				TEST_TARGET_NAME = LoginModule;
			};
			name = Debug;
		};
		821E8FD0294CF571001F02E8 /* Release */ = {
			isa = XCBuildConfiguration;
			buildSettings = {
				ALWAYS_EMBED_SWIFT_STANDARD_LIBRARIES = YES;
				CODE_SIGN_STYLE = Automatic;
				CURRENT_PROJECT_VERSION = 1;
				DEVELOPMENT_TEAM = 75SEZC5TGW;
				GENERATE_INFOPLIST_FILE = YES;
				MARKETING_VERSION = 1.0;
				PRODUCT_BUNDLE_IDENTIFIER = armentechnology.LoginModuleUITests;
				PRODUCT_NAME = "$(TARGET_NAME)";
				SWIFT_EMIT_LOC_STRINGS = NO;
				SWIFT_VERSION = 5.0;
				TARGETED_DEVICE_FAMILY = "1,2";
				TEST_TARGET_NAME = LoginModule;
			};
			name = Release;
		};
/* End XCBuildConfiguration section */

/* Begin XCConfigurationList section */
		821E8F99294CF570001F02E8 /* Build configuration list for PBXProject "LoginModule" */ = {
			isa = XCConfigurationList;
			buildConfigurations = (
				821E8FC6294CF571001F02E8 /* Debug */,
				821E8FC7294CF571001F02E8 /* Release */,
			);
			defaultConfigurationIsVisible = 0;
			defaultConfigurationName = Release;
		};
		821E8FC8294CF571001F02E8 /* Build configuration list for PBXNativeTarget "LoginModule" */ = {
			isa = XCConfigurationList;
			buildConfigurations = (
				821E8FC9294CF571001F02E8 /* Debug */,
				821E8FCA294CF571001F02E8 /* Release */,
			);
			defaultConfigurationIsVisible = 0;
			defaultConfigurationName = Release;
		};
		821E8FCB294CF571001F02E8 /* Build configuration list for PBXNativeTarget "LoginModuleTests" */ = {
			isa = XCConfigurationList;
			buildConfigurations = (
				821E8FCC294CF571001F02E8 /* Debug */,
				821E8FCD294CF571001F02E8 /* Release */,
			);
			defaultConfigurationIsVisible = 0;
			defaultConfigurationName = Release;
		};
		821E8FCE294CF571001F02E8 /* Build configuration list for PBXNativeTarget "LoginModuleUITests" */ = {
			isa = XCConfigurationList;
			buildConfigurations = (
				821E8FCF294CF571001F02E8 /* Debug */,
				821E8FD0294CF571001F02E8 /* Release */,
			);
			defaultConfigurationIsVisible = 0;
			defaultConfigurationName = Release;
		};
/* End XCConfigurationList section */
	};
	rootObject = 821E8F96294CF570001F02E8 /* Project object */;
}
